
Microsoft Visual Studio Solution File, Format Version 12.00
# Visual Studio Version 17
VisualStudioVersion = 17.0.31903.59
MinimumVisualStudioVersion = 10.0.40219.1
Project("{FAE04EC0-301F-11D3-BF4B-00C04F79EFBC}") = "API", "API\API.csproj", "{1FB34DB3-B4AE-494D-A5D6-052B4B9E8CF7}"
EndProject
Project("{FAE04EC0-301F-11D3-BF4B-00C04F79EFBC}") = "Core", "Core\Core.csproj", "{20B4AE03-F709-4AE1-998D-9B25977C9A5F}"
EndProject
Project("{FAE04EC0-301F-11D3-BF4B-00C04F79EFBC}") = "Infrastructure", "Infrastructure\Infrastructure.csproj", "{D166B279-665D-4258-9366-6BA38676C5C2}"
EndProject
Global
	GlobalSection(SolutionConfigurationPlatforms) = preSolution
		Debug|Any CPU = Debug|Any CPU
		Release|Any CPU = Release|Any CPU
	EndGlobalSection
	GlobalSection(SolutionProperties) = preSolution
		HideSolutionNode = FALSE
	EndGlobalSection
	GlobalSection(ProjectConfigurationPlatforms) = postSolution
		{1FB34DB3-B4AE-494D-A5D6-052B4B9E8CF7}.Debug|Any CPU.ActiveCfg = Debug|Any CPU
		{1FB34DB3-B4AE-494D-A5D6-052B4B9E8CF7}.Debug|Any CPU.Build.0 = Debug|Any CPU
		{1FB34DB3-B4AE-494D-A5D6-052B4B9E8CF7}.Release|Any CPU.ActiveCfg = Release|Any CPU
		{1FB34DB3-B4AE-494D-A5D6-052B4B9E8CF7}.Release|Any CPU.Build.0 = Release|Any CPU
		{20B4AE03-F709-4AE1-998D-9B25977C9A5F}.Debug|Any CPU.ActiveCfg = Debug|Any CPU
		{20B4AE03-F709-4AE1-998D-9B25977C9A5F}.Debug|Any CPU.Build.0 = Debug|Any CPU
		{20B4AE03-F709-4AE1-998D-9B25977C9A5F}.Release|Any CPU.ActiveCfg = Release|Any CPU
		{20B4AE03-F709-4AE1-998D-9B25977C9A5F}.Release|Any CPU.Build.0 = Release|Any CPU
		{D166B279-665D-4258-9366-6BA38676C5C2}.Debug|Any CPU.ActiveCfg = Debug|Any CPU
		{D166B279-665D-4258-9366-6BA38676C5C2}.Debug|Any CPU.Build.0 = Debug|Any CPU
		{D166B279-665D-4258-9366-6BA38676C5C2}.Release|Any CPU.ActiveCfg = Release|Any CPU
		{D166B279-665D-4258-9366-6BA38676C5C2}.Release|Any CPU.Build.0 = Release|Any CPU
	EndGlobalSection
EndGlobal
